
Microsoft Visual Studio Solution File, Format Version 12.00
# Visual Studio Version 16
VisualStudioVersion = 16.0.28803.452
MinimumVisualStudioVersion = 10.0.40219.1
Project("{FAE04EC0-301F-11D3-BF4B-00C04F79EFBC}") = "Factory", "Factory\Factory.csproj", "{3C11681C-5D3A-4FA1-B84E-1C9A589D61F8}"
EndProject
Project("{FAE04EC0-301F-11D3-BF4B-00C04F79EFBC}") = "ChainOfResponsibility", "ChainOfResponsibility\ChainOfResponsibility.csproj", "{9F277BE6-4E8D-4260-879D-4E4A8CE57532}"
EndProject
Project("{FAE04EC0-301F-11D3-BF4B-00C04F79EFBC}") = "Command", "Command\Command.csproj", "{8A20FC6A-AFCB-435C-B42C-7FA316671E4B}"
EndProject
Project("{FAE04EC0-301F-11D3-BF4B-00C04F79EFBC}") = "Interpreter", "Interpreter\Interpreter.csproj", "{1BDE9FB7-F76E-429B-B571-591DF11FCAFF}"
EndProject
Global
	GlobalSection(SolutionConfigurationPlatforms) = preSolution
		Debug|Any CPU = Debug|Any CPU
		Release|Any CPU = Release|Any CPU
	EndGlobalSection
	GlobalSection(ProjectConfigurationPlatforms) = postSolution
		{3C11681C-5D3A-4FA1-B84E-1C9A589D61F8}.Debug|Any CPU.ActiveCfg = Debug|Any CPU
		{3C11681C-5D3A-4FA1-B84E-1C9A589D61F8}.Debug|Any CPU.Build.0 = Debug|Any CPU
		{3C11681C-5D3A-4FA1-B84E-1C9A589D61F8}.Release|Any CPU.ActiveCfg = Release|Any CPU
		{3C11681C-5D3A-4FA1-B84E-1C9A589D61F8}.Release|Any CPU.Build.0 = Release|Any CPU
		{9F277BE6-4E8D-4260-879D-4E4A8CE57532}.Debug|Any CPU.ActiveCfg = Debug|Any CPU
		{9F277BE6-4E8D-4260-879D-4E4A8CE57532}.Debug|Any CPU.Build.0 = Debug|Any CPU
		{9F277BE6-4E8D-4260-879D-4E4A8CE57532}.Release|Any CPU.ActiveCfg = Release|Any CPU
		{9F277BE6-4E8D-4260-879D-4E4A8CE57532}.Release|Any CPU.Build.0 = Release|Any CPU
		{8A20FC6A-AFCB-435C-B42C-7FA316671E4B}.Debug|Any CPU.ActiveCfg = Debug|Any CPU
		{8A20FC6A-AFCB-435C-B42C-7FA316671E4B}.Debug|Any CPU.Build.0 = Debug|Any CPU
		{8A20FC6A-AFCB-435C-B42C-7FA316671E4B}.Release|Any CPU.ActiveCfg = Release|Any CPU
		{8A20FC6A-AFCB-435C-B42C-7FA316671E4B}.Release|Any CPU.Build.0 = Release|Any CPU
		{1BDE9FB7-F76E-429B-B571-591DF11FCAFF}.Debug|Any CPU.ActiveCfg = Debug|Any CPU
		{1BDE9FB7-F76E-429B-B571-591DF11FCAFF}.Debug|Any CPU.Build.0 = Debug|Any CPU
		{1BDE9FB7-F76E-429B-B571-591DF11FCAFF}.Release|Any CPU.ActiveCfg = Release|Any CPU
		{1BDE9FB7-F76E-429B-B571-591DF11FCAFF}.Release|Any CPU.Build.0 = Release|Any CPU
	EndGlobalSection
	GlobalSection(SolutionProperties) = preSolution
		HideSolutionNode = FALSE
	EndGlobalSection
	GlobalSection(ExtensibilityGlobals) = postSolution
		SolutionGuid = {0B028F1C-46B9-4974-99BD-B6A0ACA67201}
	EndGlobalSection
EndGlobal
